
Microsoft Visual Studio Solution File, Format Version 12.00
# Visual Studio Version 16
VisualStudioVersion = 16.0.31613.86
MinimumVisualStudioVersion = 10.0.40219.1
Project("{FAE04EC0-301F-11D3-BF4B-00C04F79EFBC}") = "InterfazGrafica4.7", "InterfazGrafica4.7\InterfazGrafica4.7.csproj", "{24806C2A-8F49-4EBA-A312-51A52AFD6EA5}"
EndProject
Project("{FAE04EC0-301F-11D3-BF4B-00C04F79EFBC}") = "Entidad", "Entidad\Entidad.csproj", "{F6C3BAC9-0CB7-4CAD-962D-2B130A062E26}"
EndProject
Project("{FAE04EC0-301F-11D3-BF4B-00C04F79EFBC}") = "Presentacion", "Presentacion\Presentacion.csproj", "{633421F4-BD8F-44E3-BE2B-BC6B2BF5E386}"
EndProject
Project("{FAE04EC0-301F-11D3-BF4B-00C04F79EFBC}") = "Datos", "Datos\Datos.csproj", "{666A7938-F0DD-4DB2-85C9-6BBC46B15488}"
EndProject
Project("{FAE04EC0-301F-11D3-BF4B-00C04F79EFBC}") = "Logica", "Logica\Logica.csproj", "{BB0E8160-8FDE-47AB-A933-FC4106387AE5}"
EndProject
Project("{FAE04EC0-301F-11D3-BF4B-00C04F79EFBC}") = "Infraestructura", "Infraestructura\Infraestructura.csproj", "{043451B1-BAB9-40B0-BD27-DB70674405A0}"
EndProject
Global
	GlobalSection(SolutionConfigurationPlatforms) = preSolution
		Debug|Any CPU = Debug|Any CPU
		Release|Any CPU = Release|Any CPU
	EndGlobalSection
	GlobalSection(ProjectConfigurationPlatforms) = postSolution
		{24806C2A-8F49-4EBA-A312-51A52AFD6EA5}.Debug|Any CPU.ActiveCfg = Debug|Any CPU
		{24806C2A-8F49-4EBA-A312-51A52AFD6EA5}.Debug|Any CPU.Build.0 = Debug|Any CPU
		{24806C2A-8F49-4EBA-A312-51A52AFD6EA5}.Release|Any CPU.ActiveCfg = Release|Any CPU
		{24806C2A-8F49-4EBA-A312-51A52AFD6EA5}.Release|Any CPU.Build.0 = Release|Any CPU
		{F6C3BAC9-0CB7-4CAD-962D-2B130A062E26}.Debug|Any CPU.ActiveCfg = Debug|Any CPU
		{F6C3BAC9-0CB7-4CAD-962D-2B130A062E26}.Debug|Any CPU.Build.0 = Debug|Any CPU
		{F6C3BAC9-0CB7-4CAD-962D-2B130A062E26}.Release|Any CPU.ActiveCfg = Release|Any CPU
		{F6C3BAC9-0CB7-4CAD-962D-2B130A062E26}.Release|Any CPU.Build.0 = Release|Any CPU
		{633421F4-BD8F-44E3-BE2B-BC6B2BF5E386}.Debug|Any CPU.ActiveCfg = Debug|Any CPU
		{633421F4-BD8F-44E3-BE2B-BC6B2BF5E386}.Debug|Any CPU.Build.0 = Debug|Any CPU
		{633421F4-BD8F-44E3-BE2B-BC6B2BF5E386}.Release|Any CPU.ActiveCfg = Release|Any CPU
		{633421F4-BD8F-44E3-BE2B-BC6B2BF5E386}.Release|Any CPU.Build.0 = Release|Any CPU
		{666A7938-F0DD-4DB2-85C9-6BBC46B15488}.Debug|Any CPU.ActiveCfg = Debug|Any CPU
		{666A7938-F0DD-4DB2-85C9-6BBC46B15488}.Debug|Any CPU.Build.0 = Debug|Any CPU
		{666A7938-F0DD-4DB2-85C9-6BBC46B15488}.Release|Any CPU.ActiveCfg = Release|Any CPU
		{666A7938-F0DD-4DB2-85C9-6BBC46B15488}.Release|Any CPU.Build.0 = Release|Any CPU
		{BB0E8160-8FDE-47AB-A933-FC4106387AE5}.Debug|Any CPU.ActiveCfg = Debug|Any CPU
		{BB0E8160-8FDE-47AB-A933-FC4106387AE5}.Debug|Any CPU.Build.0 = Debug|Any CPU
		{BB0E8160-8FDE-47AB-A933-FC4106387AE5}.Release|Any CPU.ActiveCfg = Release|Any CPU
		{BB0E8160-8FDE-47AB-A933-FC4106387AE5}.Release|Any CPU.Build.0 = Release|Any CPU
		{043451B1-BAB9-40B0-BD27-DB70674405A0}.Debug|Any CPU.ActiveCfg = Debug|Any CPU
		{043451B1-BAB9-40B0-BD27-DB70674405A0}.Debug|Any CPU.Build.0 = Debug|Any CPU
		{043451B1-BAB9-40B0-BD27-DB70674405A0}.Release|Any CPU.ActiveCfg = Release|Any CPU
		{043451B1-BAB9-40B0-BD27-DB70674405A0}.Release|Any CPU.Build.0 = Release|Any CPU
	EndGlobalSection
	GlobalSection(SolutionProperties) = preSolution
		HideSolutionNode = FALSE
	EndGlobalSection
	GlobalSection(ExtensibilityGlobals) = postSolution
		SolutionGuid = {706F9E65-C1F4-4DA8-B6D3-DC914EDC4A3C}
	EndGlobalSection
EndGlobal
